
Microsoft Visual Studio Solution File, Format Version 12.00
# Visual Studio Version 17
VisualStudioVersion = 17.2.32616.157
MinimumVisualStudioVersion = 10.0.40219.1
Project("{FAE04EC0-301F-11D3-BF4B-00C04F79EFBC}") = "PizzaRecipe_API", "PizzaRecipe_API.csproj", "{48885944-5B45-4172-AC89-AB4906EB8218}"
EndProject
Global
	GlobalSection(SolutionConfigurationPlatforms) = preSolution
		Debug|Any CPU = Debug|Any CPU
		Release|Any CPU = Release|Any CPU
	EndGlobalSection
	GlobalSection(ProjectConfigurationPlatforms) = postSolution
		{48885944-5B45-4172-AC89-AB4906EB8218}.Debug|Any CPU.ActiveCfg = Debug|Any CPU
		{48885944-5B45-4172-AC89-AB4906EB8218}.Debug|Any CPU.Build.0 = Debug|Any CPU
		{48885944-5B45-4172-AC89-AB4906EB8218}.Release|Any CPU.ActiveCfg = Release|Any CPU
		{48885944-5B45-4172-AC89-AB4906EB8218}.Release|Any CPU.Build.0 = Release|Any CPU
	EndGlobalSection
	GlobalSection(SolutionProperties) = preSolution
		HideSolutionNode = FALSE
	EndGlobalSection
	GlobalSection(ExtensibilityGlobals) = postSolution
		SolutionGuid = {4EC27593-B199-4936-AA4B-1C5908C3DBB2}
	EndGlobalSection
EndGlobal
